
Microsoft Visual Studio Solution File, Format Version 12.00
# Visual Studio 14
VisualStudioVersion = 14.0.25420.1
MinimumVisualStudioVersion = 10.0.40219.1
Project("{FAE04EC0-301F-11D3-BF4B-00C04F79EFBC}") = "EnterPrise", "EnterPrise\EnterPrise.csproj", "{BBEDEB2E-0143-4596-9FF5-20D9822E6B58}"
EndProject
Project("{2150E333-8FDC-42A3-9474-1A3956D46DE8}") = "Data", "Data", "{A3408399-E7E7-42CC-A54F-F0ECDDEE395E}"
EndProject
Project("{FAE04EC0-301F-11D3-BF4B-00C04F79EFBC}") = "Utils", "Utils\Utils.csproj", "{482F760D-C0CD-4B87-86B8-973421C56DC4}"
EndProject
Project("{FAE04EC0-301F-11D3-BF4B-00C04F79EFBC}") = "DataAccess", "DataAccess\DataAccess.csproj", "{50EAF5F0-9885-4142-A910-F73B6D713E41}"
EndProject
Project("{FAE04EC0-301F-11D3-BF4B-00C04F79EFBC}") = "Models", "Models\Models.csproj", "{8AE9F9E2-751C-43B4-A2AD-B00BC80DB0D0}"
EndProject
Global
	GlobalSection(SolutionConfigurationPlatforms) = preSolution
		Debug|Any CPU = Debug|Any CPU
		Release|Any CPU = Release|Any CPU
	EndGlobalSection
	GlobalSection(ProjectConfigurationPlatforms) = postSolution
		{BBEDEB2E-0143-4596-9FF5-20D9822E6B58}.Debug|Any CPU.ActiveCfg = Debug|Any CPU
		{BBEDEB2E-0143-4596-9FF5-20D9822E6B58}.Debug|Any CPU.Build.0 = Debug|Any CPU
		{BBEDEB2E-0143-4596-9FF5-20D9822E6B58}.Release|Any CPU.ActiveCfg = Release|Any CPU
		{BBEDEB2E-0143-4596-9FF5-20D9822E6B58}.Release|Any CPU.Build.0 = Release|Any CPU
		{482F760D-C0CD-4B87-86B8-973421C56DC4}.Debug|Any CPU.ActiveCfg = Debug|Any CPU
		{482F760D-C0CD-4B87-86B8-973421C56DC4}.Debug|Any CPU.Build.0 = Debug|Any CPU
		{482F760D-C0CD-4B87-86B8-973421C56DC4}.Release|Any CPU.ActiveCfg = Release|Any CPU
		{482F760D-C0CD-4B87-86B8-973421C56DC4}.Release|Any CPU.Build.0 = Release|Any CPU
		{50EAF5F0-9885-4142-A910-F73B6D713E41}.Debug|Any CPU.ActiveCfg = Debug|Any CPU
		{50EAF5F0-9885-4142-A910-F73B6D713E41}.Debug|Any CPU.Build.0 = Debug|Any CPU
		{50EAF5F0-9885-4142-A910-F73B6D713E41}.Release|Any CPU.ActiveCfg = Release|Any CPU
		{50EAF5F0-9885-4142-A910-F73B6D713E41}.Release|Any CPU.Build.0 = Release|Any CPU
		{8AE9F9E2-751C-43B4-A2AD-B00BC80DB0D0}.Debug|Any CPU.ActiveCfg = Debug|Any CPU
		{8AE9F9E2-751C-43B4-A2AD-B00BC80DB0D0}.Debug|Any CPU.Build.0 = Debug|Any CPU
		{8AE9F9E2-751C-43B4-A2AD-B00BC80DB0D0}.Release|Any CPU.ActiveCfg = Release|Any CPU
		{8AE9F9E2-751C-43B4-A2AD-B00BC80DB0D0}.Release|Any CPU.Build.0 = Release|Any CPU
	EndGlobalSection
	GlobalSection(SolutionProperties) = preSolution
		HideSolutionNode = FALSE
	EndGlobalSection
	GlobalSection(NestedProjects) = preSolution
		{482F760D-C0CD-4B87-86B8-973421C56DC4} = {A3408399-E7E7-42CC-A54F-F0ECDDEE395E}
		{50EAF5F0-9885-4142-A910-F73B6D713E41} = {A3408399-E7E7-42CC-A54F-F0ECDDEE395E}
		{8AE9F9E2-751C-43B4-A2AD-B00BC80DB0D0} = {A3408399-E7E7-42CC-A54F-F0ECDDEE395E}
	EndGlobalSection
EndGlobal
